
Microsoft Visual Studio Solution File, Format Version 12.00
# Visual Studio 14
VisualStudioVersion = 14.0.25420.1
MinimumVisualStudioVersion = 10.0.40219.1
Project("{FAE04EC0-301F-11D3-BF4B-00C04F79EFBC}") = "F01L01 - HelloWorldService", "F01L01\F01L01 - HelloWorldService.csproj", "{A5478AD1-F5A7-43EC-A46A-8D1102D9F421}"
EndProject
Project("{FAE04EC0-301F-11D3-BF4B-00C04F79EFBC}") = "F01L01 - HelloWorldClient", "HelloWorldClient\F01L01 - HelloWorldClient.csproj", "{2A97BF75-84A3-463E-9FB3-A74FEC889855}"
	ProjectSection(ProjectDependencies) = postProject
		{A5478AD1-F5A7-43EC-A46A-8D1102D9F421} = {A5478AD1-F5A7-43EC-A46A-8D1102D9F421}
	EndProjectSection
EndProject
Project("{FAE04EC0-301F-11D3-BF4B-00C04F79EFBC}") = "Labb1 ServerOvning", "Labb1 ServerOvning\Labb1 ServerOvning.csproj", "{35D40CB2-24D1-4524-9DF4-DAE812063819}"
EndProject
Project("{FAE04EC0-301F-11D3-BF4B-00C04F79EFBC}") = "Labb1 ClientOvning", "Labb1 ClientOvning\Labb1 ClientOvning.csproj", "{EA794328-7B0E-4D69-9917-38DA71F63242}"
	ProjectSection(ProjectDependencies) = postProject
		{35D40CB2-24D1-4524-9DF4-DAE812063819} = {35D40CB2-24D1-4524-9DF4-DAE812063819}
	EndProjectSection
EndProject
Project("{FAE04EC0-301F-11D3-BF4B-00C04F79EFBC}") = "F02L01 - EvalServiceLibrary", "F02L01 - EvalServiceLibrary\F02L01 - EvalServiceLibrary.csproj", "{5D81D336-39F1-428B-8BB1-DA868A745AA8}"
EndProject
Project("{FAE04EC0-301F-11D3-BF4B-00C04F79EFBC}") = "F02L01 - ConsoleHost", "F02L01 - ConsoleHost\F02L01 - ConsoleHost.csproj", "{FEACC099-2A4C-4C2E-93F3-06F33A383B2C}"
	ProjectSection(ProjectDependencies) = postProject
		{5D81D336-39F1-428B-8BB1-DA868A745AA8} = {5D81D336-39F1-428B-8BB1-DA868A745AA8}
	EndProjectSection
EndProject
Project("{FAE04EC0-301F-11D3-BF4B-00C04F79EFBC}") = "F03L01 - KlientUppgift", "F03L01 - KlientUppgift\F03L01 - KlientUppgift.csproj", "{719AD78A-8189-4AE4-846B-5CB775CFCD3B}"
EndProject
Project("{FAE04EC0-301F-11D3-BF4B-00C04F79EFBC}") = "F03L02 - KlientUppgift 2", "F03L02 - KlientUppgift 2\F03L02 - KlientUppgift 2.csproj", "{22193EF3-B734-4932-80D1-B7318F0C5CEE}"
EndProject
Project("{FAE04EC0-301F-11D3-BF4B-00C04F79EFBC}") = "F03L03 - EvalServiceCient", "F03L03 - EvalServiceCient\F03L03 - EvalServiceCient.csproj", "{C908C644-C25E-4500-BFF9-D935EB2D0147}"
EndProject
Project("{FAE04EC0-301F-11D3-BF4B-00C04F79EFBC}") = "F04L01 - GlobalWeather", "F04L01 - GlobalWeather\F04L01 - GlobalWeather.csproj", "{CF16EAFF-4A47-44B6-8DCE-E350A31703C1}"
EndProject
Project("{FAE04EC0-301F-11D3-BF4B-00C04F79EFBC}") = "F04L02 - ProductsApp", "F04L02 - ProductsApp\F04L02 - ProductsApp.csproj", "{FEFD15CB-1B10-4B13-94CD-19164B79DD1D}"
EndProject
Project("{FAE04EC0-301F-11D3-BF4B-00C04F79EFBC}") = "EvalServiceLibrary REST", "EvalServiceLibrary REST\EvalServiceLibrary REST.csproj", "{08B7431F-2AB4-4DCF-A7F0-1D75145FE89D}"
EndProject
Project("{FAE04EC0-301F-11D3-BF4B-00C04F79EFBC}") = "EvalConsoleHost REST", "EvalConsoleHost REST\EvalConsoleHost REST.csproj", "{BACF3C99-CFB3-4CBB-9009-02CA9554EC23}"
EndProject
Project("{FAE04EC0-301F-11D3-BF4B-00C04F79EFBC}") = "EvalClient REST", "EvalClient REST\EvalClient REST.csproj", "{600A3F69-801E-40F4-9027-61F7FADA21BA}"
EndProject
Global
	GlobalSection(SolutionConfigurationPlatforms) = preSolution
		Debug|Any CPU = Debug|Any CPU
		Release|Any CPU = Release|Any CPU
	EndGlobalSection
	GlobalSection(ProjectConfigurationPlatforms) = postSolution
		{A5478AD1-F5A7-43EC-A46A-8D1102D9F421}.Debug|Any CPU.ActiveCfg = Debug|Any CPU
		{A5478AD1-F5A7-43EC-A46A-8D1102D9F421}.Debug|Any CPU.Build.0 = Debug|Any CPU
		{A5478AD1-F5A7-43EC-A46A-8D1102D9F421}.Release|Any CPU.ActiveCfg = Release|Any CPU
		{A5478AD1-F5A7-43EC-A46A-8D1102D9F421}.Release|Any CPU.Build.0 = Release|Any CPU
		{2A97BF75-84A3-463E-9FB3-A74FEC889855}.Debug|Any CPU.ActiveCfg = Debug|Any CPU
		{2A97BF75-84A3-463E-9FB3-A74FEC889855}.Debug|Any CPU.Build.0 = Debug|Any CPU
		{2A97BF75-84A3-463E-9FB3-A74FEC889855}.Release|Any CPU.ActiveCfg = Release|Any CPU
		{2A97BF75-84A3-463E-9FB3-A74FEC889855}.Release|Any CPU.Build.0 = Release|Any CPU
		{35D40CB2-24D1-4524-9DF4-DAE812063819}.Debug|Any CPU.ActiveCfg = Debug|Any CPU
		{35D40CB2-24D1-4524-9DF4-DAE812063819}.Debug|Any CPU.Build.0 = Debug|Any CPU
		{35D40CB2-24D1-4524-9DF4-DAE812063819}.Release|Any CPU.ActiveCfg = Release|Any CPU
		{35D40CB2-24D1-4524-9DF4-DAE812063819}.Release|Any CPU.Build.0 = Release|Any CPU
		{EA794328-7B0E-4D69-9917-38DA71F63242}.Debug|Any CPU.ActiveCfg = Debug|Any CPU
		{EA794328-7B0E-4D69-9917-38DA71F63242}.Debug|Any CPU.Build.0 = Debug|Any CPU
		{EA794328-7B0E-4D69-9917-38DA71F63242}.Release|Any CPU.ActiveCfg = Release|Any CPU
		{EA794328-7B0E-4D69-9917-38DA71F63242}.Release|Any CPU.Build.0 = Release|Any CPU
		{5D81D336-39F1-428B-8BB1-DA868A745AA8}.Debug|Any CPU.ActiveCfg = Debug|Any CPU
		{5D81D336-39F1-428B-8BB1-DA868A745AA8}.Debug|Any CPU.Build.0 = Debug|Any CPU
		{5D81D336-39F1-428B-8BB1-DA868A745AA8}.Release|Any CPU.ActiveCfg = Release|Any CPU
		{5D81D336-39F1-428B-8BB1-DA868A745AA8}.Release|Any CPU.Build.0 = Release|Any CPU
		{FEACC099-2A4C-4C2E-93F3-06F33A383B2C}.Debug|Any CPU.ActiveCfg = Debug|Any CPU
		{FEACC099-2A4C-4C2E-93F3-06F33A383B2C}.Debug|Any CPU.Build.0 = Debug|Any CPU
		{FEACC099-2A4C-4C2E-93F3-06F33A383B2C}.Release|Any CPU.ActiveCfg = Release|Any CPU
		{FEACC099-2A4C-4C2E-93F3-06F33A383B2C}.Release|Any CPU.Build.0 = Release|Any CPU
		{719AD78A-8189-4AE4-846B-5CB775CFCD3B}.Debug|Any CPU.ActiveCfg = Debug|Any CPU
		{719AD78A-8189-4AE4-846B-5CB775CFCD3B}.Debug|Any CPU.Build.0 = Debug|Any CPU
		{719AD78A-8189-4AE4-846B-5CB775CFCD3B}.Release|Any CPU.ActiveCfg = Release|Any CPU
		{719AD78A-8189-4AE4-846B-5CB775CFCD3B}.Release|Any CPU.Build.0 = Release|Any CPU
		{22193EF3-B734-4932-80D1-B7318F0C5CEE}.Debug|Any CPU.ActiveCfg = Debug|Any CPU
		{22193EF3-B734-4932-80D1-B7318F0C5CEE}.Debug|Any CPU.Build.0 = Debug|Any CPU
		{22193EF3-B734-4932-80D1-B7318F0C5CEE}.Release|Any CPU.ActiveCfg = Release|Any CPU
		{22193EF3-B734-4932-80D1-B7318F0C5CEE}.Release|Any CPU.Build.0 = Release|Any CPU
		{C908C644-C25E-4500-BFF9-D935EB2D0147}.Debug|Any CPU.ActiveCfg = Debug|Any CPU
		{C908C644-C25E-4500-BFF9-D935EB2D0147}.Debug|Any CPU.Build.0 = Debug|Any CPU
		{C908C644-C25E-4500-BFF9-D935EB2D0147}.Release|Any CPU.ActiveCfg = Release|Any CPU
		{C908C644-C25E-4500-BFF9-D935EB2D0147}.Release|Any CPU.Build.0 = Release|Any CPU
		{CF16EAFF-4A47-44B6-8DCE-E350A31703C1}.Debug|Any CPU.ActiveCfg = Debug|Any CPU
		{CF16EAFF-4A47-44B6-8DCE-E350A31703C1}.Debug|Any CPU.Build.0 = Debug|Any CPU
		{CF16EAFF-4A47-44B6-8DCE-E350A31703C1}.Release|Any CPU.ActiveCfg = Release|Any CPU
		{CF16EAFF-4A47-44B6-8DCE-E350A31703C1}.Release|Any CPU.Build.0 = Release|Any CPU
		{FEFD15CB-1B10-4B13-94CD-19164B79DD1D}.Debug|Any CPU.ActiveCfg = Debug|Any CPU
		{FEFD15CB-1B10-4B13-94CD-19164B79DD1D}.Debug|Any CPU.Build.0 = Debug|Any CPU
		{FEFD15CB-1B10-4B13-94CD-19164B79DD1D}.Release|Any CPU.ActiveCfg = Release|Any CPU
		{FEFD15CB-1B10-4B13-94CD-19164B79DD1D}.Release|Any CPU.Build.0 = Release|Any CPU
		{08B7431F-2AB4-4DCF-A7F0-1D75145FE89D}.Debug|Any CPU.ActiveCfg = Debug|Any CPU
		{08B7431F-2AB4-4DCF-A7F0-1D75145FE89D}.Debug|Any CPU.Build.0 = Debug|Any CPU
		{08B7431F-2AB4-4DCF-A7F0-1D75145FE89D}.Release|Any CPU.ActiveCfg = Release|Any CPU
		{08B7431F-2AB4-4DCF-A7F0-1D75145FE89D}.Release|Any CPU.Build.0 = Release|Any CPU
		{BACF3C99-CFB3-4CBB-9009-02CA9554EC23}.Debug|Any CPU.ActiveCfg = Debug|Any CPU
		{BACF3C99-CFB3-4CBB-9009-02CA9554EC23}.Debug|Any CPU.Build.0 = Debug|Any CPU
		{BACF3C99-CFB3-4CBB-9009-02CA9554EC23}.Release|Any CPU.ActiveCfg = Release|Any CPU
		{BACF3C99-CFB3-4CBB-9009-02CA9554EC23}.Release|Any CPU.Build.0 = Release|Any CPU
		{600A3F69-801E-40F4-9027-61F7FADA21BA}.Debug|Any CPU.ActiveCfg = Debug|Any CPU
		{600A3F69-801E-40F4-9027-61F7FADA21BA}.Debug|Any CPU.Build.0 = Debug|Any CPU
		{600A3F69-801E-40F4-9027-61F7FADA21BA}.Release|Any CPU.ActiveCfg = Release|Any CPU
		{600A3F69-801E-40F4-9027-61F7FADA21BA}.Release|Any CPU.Build.0 = Release|Any CPU
	EndGlobalSection
	GlobalSection(SolutionProperties) = preSolution
		HideSolutionNode = FALSE
	EndGlobalSection
EndGlobal
